<Solution>
  <Folder Name="/RF Nugets/">
    <Project Path="rf-nugets/RFAuth/RFAuth.csproj" />
    <Project Path="rf-nugets/RFAuthDapper/RFAuthDapper.csproj" />
    <Project Path="rf-nugets/RFAuth_es/RFAuth_es.csproj" />
    <Project Path="rf-nugets/RFDapper/RFDapper.csproj" />
    <Project Path="rf-nugets/RFDapperDriverMySQL/RFDapperDriverMySQL.csproj" />
    <Project Path="rf-nugets/RFDapperDriverPostgreSQL/RFDapperDriverPostgreSQL.csproj" />
    <Project Path="rf-nugets/RFDapperDriverSQLServer/RFDapperDriverSQLServer.csproj" />
    <Project Path="rf-nugets/RFDapper_es/RFDapper_es.csproj" />
    <Project Path="rf-nugets/RFDBLocalizer/RFDBLocalizer.csproj" />
    <Project Path="rf-nugets/RFDBLocalizerDapper/RFDBLocalizerDapper.csproj" />
    <Project Path="rf-nugets/RFHttpAction/RFHttpAction.csproj" />
    <Project Path="rf-nugets/RFHttpActionDapper/RFHttpActionDapper.csproj" />
    <Project Path="rf-nugets/RFHttpExceptions/RFHttpExceptions.csproj" />
    <Project Path="rf-nugets/RFHttpExceptionsL10n/RFHttpExceptionsL10n.csproj" />
    <Project Path="rf-nugets/RFL10n/RFL10n.csproj" />
    <Project Path="rf-nugets/RFLogger/RFLogger.csproj" />
    <Project Path="rf-nugets/RFLoggerProvider/RFLoggerProvider.csproj" />
    <Project Path="rf-nugets/RFLoggerProviderDapper/RFLoggerProviderDapper.csproj" />
    <Project Path="rf-nugets/RFOauth2Client/RFOauth2Client.csproj" />
    <Project Path="rf-nugets/RFOperators/RFOperators.csproj" />
    <Project Path="rf-nugets/RFRBAC/RFRBAC.csproj" />
    <Project Path="rf-nugets/RFRBACDapper/RFRBACDapper.csproj" />
    <Project Path="rf-nugets/RFRegister/RFRegister.csproj" />
    <Project Path="rf-nugets/RFService/RFService.csproj" />
    <Project Path="rf-nugets/RFService_es/RFService_es.csproj" />
    <Project Path="rf-nugets/RFUserEmail/RFUserEmail.csproj" />
    <Project Path="rf-nugets/RFUserEmailDapper/RFUserEmailDapper.csproj" />
    <Project Path="rf-nugets/RFUserEmailVerified/RFUserEmailVerified.csproj" />
    <Project Path="rf-nugets/RFUserEmailVerifiedDapper/RFUserEmailVerifiedDapper.csproj" />
  </Folder>
  <Project Path="backend-shopia-test/backend-shopia-test.csproj" />
  <Project Path="backend-shopia/backend-shopia.csproj" />
</Solution>
