<Solution>
  <Folder Name="/RF Nugets/">
    <Project Path="rf-nugets/RFAuth/RFAuth.csproj" />
    <Project Path="rf-nugets/RFAuthControllers/RFAuthControllers.csproj" />
    <Project Path="rf-nugets/RFAuthEF/RFAuthEF.csproj" />
    <Project Path="rf-nugets/RFAuth_es/RFAuth_es.csproj" />
    <Project Path="rf-nugets/RFBase/RFBase.csproj" />
    <Project Path="rf-nugets/RFControllers/RFControllers.csproj" />
    <Project Path="rf-nugets/RFDBLocalizer/RFDBLocalizer.csproj" />
    <Project Path="rf-nugets/RFEntities/RFEntities.csproj" />
    <Project Path="rf-nugets/RFEntitiesEF/RFEntitiesEF.csproj" />
    <Project Path="rf-nugets/RFEventBus/RFEventBus.csproj" />
    <Project Path="rf-nugets/RFHttpAction/RFHttpAction.csproj" />
    <Project Path="rf-nugets/RFHttpActionEF/RFHttpActionEF.csproj" />
    <Project Path="rf-nugets/RFHttpExceptions/RFHttpExceptions.csproj" />
    <Project Path="rf-nugets/RFHttpExceptionsL10n/RFHttpExceptionsL10n.csproj" />
    <Project Path="rf-nugets/RFIRepositories/RFIRepositories.csproj" />
    <Project Path="rf-nugets/RFIServices/RFIServices.csproj" />
    <Project Path="rf-nugets/RFL10n/RFL10n.csproj" />
    <Project Path="rf-nugets/RFLogger/RFLogger.csproj" />
    <Project Path="rf-nugets/RFLoggerProvider/RFLoggerProvider.csproj" />
    <Project Path="rf-nugets/RFOauth2Client/RFOauth2Client.csproj" />
    <Project Path="rf-nugets/RFOauth2Client_es/RFOauth2Client_es.csproj" />
    <Project Path="rf-nugets/RFPermissions/RFPermissions.csproj" />
    <Project Path="rf-nugets/RFPermissionsEF/RFPermissionsEF.csproj" />
    <Project Path="rf-nugets/RFRBAC/RFRBAC.csproj" />
    <Project Path="rf-nugets/RFRBACEF/RFRBACEF.csproj" />
    <Project Path="rf-nugets/RFRegisterService/RFRegisterService.csproj" />
    <Project Path="rf-nugets/RFRGOBAC_es/RFRGOBAC_es.csproj" />
    <Project Path="rf-nugets/RFRolesPermissions/RFRolesPermissions.csproj" />
    <Project Path="rf-nugets/RFServices/RFServices.csproj" />
    <Project Path="rf-nugets/RFServices_es/RFServices_es.csproj" />
    <Project Path="rf-nugets/RFUserEmailVerified/RFUserEmailVerified.csproj" />
    <Project Path="rf-nugets/RFUserEmailVerifiedEF/RFUserEmailVerifiedEF.csproj" />
  </Folder>
  <Project Path="backend-shopia-test/backend-shopia-test.csproj" />
  <Project Path="backend-shopia/backend-shopia.csproj" />
</Solution>
